
Microsoft Visual Studio Solution File, Format Version 12.00
# Visual Studio Version 17
VisualStudioVersion = 17.5.33424.131
MinimumVisualStudioVersion = 10.0.40219.1
Project("{FAE04EC0-301F-11D3-BF4B-00C04F79EFBC}") = "ContaBancaria", "ContaBancaria\ContaBancaria.csproj", "{BA656E0A-12E6-4E80-89B6-270FB61D9502}"
EndProject
Global
	GlobalSection(SolutionConfigurationPlatforms) = preSolution
		Debug|Any CPU = Debug|Any CPU
		Release|Any CPU = Release|Any CPU
	EndGlobalSection
	GlobalSection(ProjectConfigurationPlatforms) = postSolution
		{BA656E0A-12E6-4E80-89B6-270FB61D9502}.Debug|Any CPU.ActiveCfg = Debug|Any CPU
		{BA656E0A-12E6-4E80-89B6-270FB61D9502}.Debug|Any CPU.Build.0 = Debug|Any CPU
		{BA656E0A-12E6-4E80-89B6-270FB61D9502}.Release|Any CPU.ActiveCfg = Release|Any CPU
		{BA656E0A-12E6-4E80-89B6-270FB61D9502}.Release|Any CPU.Build.0 = Release|Any CPU
	EndGlobalSection
	GlobalSection(SolutionProperties) = preSolution
		HideSolutionNode = FALSE
	EndGlobalSection
	GlobalSection(ExtensibilityGlobals) = postSolution
		SolutionGuid = {8EA3A9B9-57DB-4AF5-9E59-491480B9CCF5}
	EndGlobalSection
EndGlobal
