
Microsoft Visual Studio Solution File, Format Version 12.00
# Visual Studio Version 17
VisualStudioVersion = 17.6.33712.159
MinimumVisualStudioVersion = 10.0.40219.1
Project("{FAE04EC0-301F-11D3-BF4B-00C04F79EFBC}") = "ExercicioLinq", "ExercicioLinq\ExercicioLinq.csproj", "{0FD9C0D6-1E3F-45A6-A854-710B81DDA500}"
EndProject
Global
	GlobalSection(SolutionConfigurationPlatforms) = preSolution
		Debug|Any CPU = Debug|Any CPU
		Release|Any CPU = Release|Any CPU
	EndGlobalSection
	GlobalSection(ProjectConfigurationPlatforms) = postSolution
		{0FD9C0D6-1E3F-45A6-A854-710B81DDA500}.Debug|Any CPU.ActiveCfg = Debug|Any CPU
		{0FD9C0D6-1E3F-45A6-A854-710B81DDA500}.Debug|Any CPU.Build.0 = Debug|Any CPU
		{0FD9C0D6-1E3F-45A6-A854-710B81DDA500}.Release|Any CPU.ActiveCfg = Release|Any CPU
		{0FD9C0D6-1E3F-45A6-A854-710B81DDA500}.Release|Any CPU.Build.0 = Release|Any CPU
	EndGlobalSection
	GlobalSection(SolutionProperties) = preSolution
		HideSolutionNode = FALSE
	EndGlobalSection
	GlobalSection(ExtensibilityGlobals) = postSolution
		SolutionGuid = {60B7DB69-CAE9-4AB5-8977-94D58AC03F66}
	EndGlobalSection
EndGlobal
