
Microsoft Visual Studio Solution File, Format Version 12.00
# Visual Studio Version 17
VisualStudioVersion = 17.5.33424.131
MinimumVisualStudioVersion = 10.0.40219.1
Project("{FAE04EC0-301F-11D3-BF4B-00C04F79EFBC}") = "Encapsulamento", "Encapsulamento\Encapsulamento.csproj", "{39F06AA7-F2A3-4ACD-B3CD-CDDFB60CC300}"
EndProject
Global
	GlobalSection(SolutionConfigurationPlatforms) = preSolution
		Debug|Any CPU = Debug|Any CPU
		Release|Any CPU = Release|Any CPU
	EndGlobalSection
	GlobalSection(ProjectConfigurationPlatforms) = postSolution
		{39F06AA7-F2A3-4ACD-B3CD-CDDFB60CC300}.Debug|Any CPU.ActiveCfg = Debug|Any CPU
		{39F06AA7-F2A3-4ACD-B3CD-CDDFB60CC300}.Debug|Any CPU.Build.0 = Debug|Any CPU
		{39F06AA7-F2A3-4ACD-B3CD-CDDFB60CC300}.Release|Any CPU.ActiveCfg = Release|Any CPU
		{39F06AA7-F2A3-4ACD-B3CD-CDDFB60CC300}.Release|Any CPU.Build.0 = Release|Any CPU
	EndGlobalSection
	GlobalSection(SolutionProperties) = preSolution
		HideSolutionNode = FALSE
	EndGlobalSection
	GlobalSection(ExtensibilityGlobals) = postSolution
		SolutionGuid = {AA1B580A-3E69-44B8-B940-B405270EF994}
	EndGlobalSection
EndGlobal
