
Microsoft Visual Studio Solution File, Format Version 12.00
# Visual Studio Version 17
VisualStudioVersion = 17.5.33424.131
MinimumVisualStudioVersion = 10.0.40219.1
Project("{FAE04EC0-301F-11D3-BF4B-00C04F79EFBC}") = "AdicionarRemoverEstoque", "AdicionarRemoverEstoque\AdicionarRemoverEstoque.csproj", "{F6AAE9DA-FC92-421F-AE53-E84ECD6CF4AC}"
EndProject
Global
	GlobalSection(SolutionConfigurationPlatforms) = preSolution
		Debug|Any CPU = Debug|Any CPU
		Release|Any CPU = Release|Any CPU
	EndGlobalSection
	GlobalSection(ProjectConfigurationPlatforms) = postSolution
		{F6AAE9DA-FC92-421F-AE53-E84ECD6CF4AC}.Debug|Any CPU.ActiveCfg = Debug|Any CPU
		{F6AAE9DA-FC92-421F-AE53-E84ECD6CF4AC}.Debug|Any CPU.Build.0 = Debug|Any CPU
		{F6AAE9DA-FC92-421F-AE53-E84ECD6CF4AC}.Release|Any CPU.ActiveCfg = Release|Any CPU
		{F6AAE9DA-FC92-421F-AE53-E84ECD6CF4AC}.Release|Any CPU.Build.0 = Release|Any CPU
	EndGlobalSection
	GlobalSection(SolutionProperties) = preSolution
		HideSolutionNode = FALSE
	EndGlobalSection
	GlobalSection(ExtensibilityGlobals) = postSolution
		SolutionGuid = {A57A96CF-6F67-416B-B911-4DECE3F7D981}
	EndGlobalSection
EndGlobal
